
Microsoft Visual Studio Solution File, Format Version 12.00
# Visual Studio Version 17
VisualStudioVersion = 17.9.34723.18
MinimumVisualStudioVersion = 10.0.40219.1
Project("{9A19103F-16F7-4668-BE54-9A1E7A4F7556}") = "NyaFs", "src\NyaFs\NyaFs.csproj", "{8B453BE6-1E38-48DC-B29C-6E5E46BB1A80}"
EndProject
Project("{9A19103F-16F7-4668-BE54-9A1E7A4F7556}") = "NyaExtensions", "src\submodules\NyaExtensions\NyaExtensions.csproj", "{513C8CEB-C1B9-431E-A6AB-79FF9EE52AEF}"
EndProject
Project("{9A19103F-16F7-4668-BE54-9A1E7A4F7556}") = "NyaLZO", "src\submodules\NyaLZO\NyaLZO.csproj", "{74D1C312-AE53-4FBF-8BE3-F3A3319262D5}"
EndProject
Global
	GlobalSection(SolutionConfigurationPlatforms) = preSolution
		Debug|Any CPU = Debug|Any CPU
		Release|Any CPU = Release|Any CPU
	EndGlobalSection
	GlobalSection(ProjectConfigurationPlatforms) = postSolution
		{8B453BE6-1E38-48DC-B29C-6E5E46BB1A80}.Debug|Any CPU.ActiveCfg = Debug|Any CPU
		{8B453BE6-1E38-48DC-B29C-6E5E46BB1A80}.Debug|Any CPU.Build.0 = Debug|Any CPU
		{8B453BE6-1E38-48DC-B29C-6E5E46BB1A80}.Release|Any CPU.ActiveCfg = Release|Any CPU
		{8B453BE6-1E38-48DC-B29C-6E5E46BB1A80}.Release|Any CPU.Build.0 = Release|Any CPU
		{513C8CEB-C1B9-431E-A6AB-79FF9EE52AEF}.Debug|Any CPU.ActiveCfg = Debug|Any CPU
		{513C8CEB-C1B9-431E-A6AB-79FF9EE52AEF}.Debug|Any CPU.Build.0 = Debug|Any CPU
		{513C8CEB-C1B9-431E-A6AB-79FF9EE52AEF}.Release|Any CPU.ActiveCfg = Release|Any CPU
		{513C8CEB-C1B9-431E-A6AB-79FF9EE52AEF}.Release|Any CPU.Build.0 = Release|Any CPU
		{74D1C312-AE53-4FBF-8BE3-F3A3319262D5}.Debug|Any CPU.ActiveCfg = Debug|Any CPU
		{74D1C312-AE53-4FBF-8BE3-F3A3319262D5}.Debug|Any CPU.Build.0 = Debug|Any CPU
		{74D1C312-AE53-4FBF-8BE3-F3A3319262D5}.Release|Any CPU.ActiveCfg = Release|Any CPU
		{74D1C312-AE53-4FBF-8BE3-F3A3319262D5}.Release|Any CPU.Build.0 = Release|Any CPU
	EndGlobalSection
	GlobalSection(SolutionProperties) = preSolution
		HideSolutionNode = FALSE
	EndGlobalSection
	GlobalSection(ExtensibilityGlobals) = postSolution
		SolutionGuid = {250BC84D-1693-48F3-B18D-551651DB999E}
	EndGlobalSection
EndGlobal
